
Microsoft Visual Studio Solution File, Format Version 12.00
# Visual Studio Version 16
VisualStudioVersion = 16.0.32106.194
MinimumVisualStudioVersion = 10.0.40219.1
Project("{9A19103F-16F7-4668-BE54-9A1E7A4F7556}") = "first-api", "first-api.csproj", "{45A80E46-AB38-4E3F-9C65-66495234C13A}"
EndProject
Global
	GlobalSection(SolutionConfigurationPlatforms) = preSolution
		Debug|Any CPU = Debug|Any CPU
		Release|Any CPU = Release|Any CPU
	EndGlobalSection
	GlobalSection(ProjectConfigurationPlatforms) = postSolution
		{45A80E46-AB38-4E3F-9C65-66495234C13A}.Debug|Any CPU.ActiveCfg = Debug|Any CPU
		{45A80E46-AB38-4E3F-9C65-66495234C13A}.Debug|Any CPU.Build.0 = Debug|Any CPU
		{45A80E46-AB38-4E3F-9C65-66495234C13A}.Release|Any CPU.ActiveCfg = Release|Any CPU
		{45A80E46-AB38-4E3F-9C65-66495234C13A}.Release|Any CPU.Build.0 = Release|Any CPU
	EndGlobalSection
	GlobalSection(SolutionProperties) = preSolution
		HideSolutionNode = FALSE
	EndGlobalSection
	GlobalSection(ExtensibilityGlobals) = postSolution
		SolutionGuid = {98FAD8D9-3B35-46A6-BFCD-5118B50E8EDF}
	EndGlobalSection
EndGlobal
